// !$*UTF8*$!
{
	archiveVersion = 1;
	classes = {
	};
	objectVersion = 56;
	objects = {

/* Begin PBXBuildFile section */
		320155AB292273E600DF4FA5 /* MemberProject20221114App.swift in Sources */ = {isa = PBXBuildFile; fileRef = 320155AA292273E600DF4FA5 /* MemberProject20221114App.swift */; };
		320155AD292273E700DF4FA5 /* ContentView.swift in Sources */ = {isa = PBXBuildFile; fileRef = 320155AC292273E700DF4FA5 /* ContentView.swift */; };
		320155AF292273F000DF4FA5 /* Assets.xcassets in Resources */ = {isa = PBXBuildFile; fileRef = 320155AE292273F000DF4FA5 /* Assets.xcassets */; };
		320155B3292273F000DF4FA5 /* Preview Assets.xcassets in Resources */ = {isa = PBXBuildFile; fileRef = 320155B2292273F000DF4FA5 /* Preview Assets.xcassets */; };
		320155BD292273F100DF4FA5 /* MemberProject20221114Tests.swift in Sources */ = {isa = PBXBuildFile; fileRef = 320155BC292273F100DF4FA5 /* MemberProject20221114Tests.swift */; };
		320155C7292273F100DF4FA5 /* MemberProject20221114UITests.swift in Sources */ = {isa = PBXBuildFile; fileRef = 320155C6292273F100DF4FA5 /* MemberProject20221114UITests.swift */; };
		320155C9292273F100DF4FA5 /* MemberProject20221114UITestsLaunchTests.swift in Sources */ = {isa = PBXBuildFile; fileRef = 320155C8292273F100DF4FA5 /* MemberProject20221114UITestsLaunchTests.swift */; };
/* End PBXBuildFile section */

/* Begin PBXContainerItemProxy section */
		320155B9292273F100DF4FA5 /* PBXContainerItemProxy */ = {
			isa = PBXContainerItemProxy;
			containerPortal = 3201559F292273E600DF4FA5 /* Project object */;
			proxyType = 1;
			remoteGlobalIDString = 320155A6292273E600DF4FA5;
			remoteInfo = MemberProject20221114;
		};
		320155C3292273F100DF4FA5 /* PBXContainerItemProxy */ = {
			isa = PBXContainerItemProxy;
			containerPortal = 3201559F292273E600DF4FA5 /* Project object */;
			proxyType = 1;
			remoteGlobalIDString = 320155A6292273E600DF4FA5;
			remoteInfo = MemberProject20221114;
		};
/* End PBXContainerItemProxy section */

/* Begin PBXFileReference section */
		320155A7292273E600DF4FA5 /* MemberProject20221114.app */ = {isa = PBXFileReference; explicitFileType = wrapper.application; includeInIndex = 0; path = MemberProject20221114.app; sourceTree = BUILT_PRODUCTS_DIR; };
		320155AA292273E600DF4FA5 /* MemberProject20221114App.swift */ = {isa = PBXFileReference; lastKnownFileType = sourcecode.swift; path = MemberProject20221114App.swift; sourceTree = "<group>"; };
		320155AC292273E700DF4FA5 /* ContentView.swift */ = {isa = PBXFileReference; lastKnownFileType = sourcecode.swift; path = ContentView.swift; sourceTree = "<group>"; };
		320155AE292273F000DF4FA5 /* Assets.xcassets */ = {isa = PBXFileReference; lastKnownFileType = folder.assetcatalog; path = Assets.xcassets; sourceTree = "<group>"; };
		320155B0292273F000DF4FA5 /* MemberProject20221114.entitlements */ = {isa = PBXFileReference; lastKnownFileType = text.plist.entitlements; path = MemberProject20221114.entitlements; sourceTree = "<group>"; };
		320155B2292273F000DF4FA5 /* Preview Assets.xcassets */ = {isa = PBXFileReference; lastKnownFileType = folder.assetcatalog; path = "Preview Assets.xcassets"; sourceTree = "<group>"; };
		320155B8292273F100DF4FA5 /* MemberProject20221114Tests.xctest */ = {isa = PBXFileReference; explicitFileType = wrapper.cfbundle; includeInIndex = 0; path = MemberProject20221114Tests.xctest; sourceTree = BUILT_PRODUCTS_DIR; };
		320155BC292273F100DF4FA5 /* MemberProject20221114Tests.swift */ = {isa = PBXFileReference; lastKnownFileType = sourcecode.swift; path = MemberProject20221114Tests.swift; sourceTree = "<group>"; };
		320155C2292273F100DF4FA5 /* MemberProject20221114UITests.xctest */ = {isa = PBXFileReference; explicitFileType = wrapper.cfbundle; includeInIndex = 0; path = MemberProject20221114UITests.xctest; sourceTree = BUILT_PRODUCTS_DIR; };
		320155C6292273F100DF4FA5 /* MemberProject20221114UITests.swift */ = {isa = PBXFileReference; lastKnownFileType = sourcecode.swift; path = MemberProject20221114UITests.swift; sourceTree = "<group>"; };
		320155C8292273F100DF4FA5 /* MemberProject20221114UITestsLaunchTests.swift */ = {isa = PBXFileReference; lastKnownFileType = sourcecode.swift; path = MemberProject20221114UITestsLaunchTests.swift; sourceTree = "<group>"; };
/* End PBXFileReference section */

/* Begin PBXFrameworksBuildPhase section */
		320155A4292273E600DF4FA5 /* Frameworks */ = {
			isa = PBXFrameworksBuildPhase;
			buildActionMask = 2147483647;
			files = (
			);
			runOnlyForDeploymentPostprocessing = 0;
		};
		320155B5292273F100DF4FA5 /* Frameworks */ = {
			isa = PBXFrameworksBuildPhase;
			buildActionMask = 2147483647;
			files = (
			);
			runOnlyForDeploymentPostprocessing = 0;
		};
		320155BF292273F100DF4FA5 /* Frameworks */ = {
			isa = PBXFrameworksBuildPhase;
			buildActionMask = 2147483647;
			files = (
			);
			runOnlyForDeploymentPostprocessing = 0;
		};
/* End PBXFrameworksBuildPhase section */

/* Begin PBXGroup section */
		3201559E292273E600DF4FA5 = {
			isa = PBXGroup;
			children = (
				320155A9292273E600DF4FA5 /* MemberProject20221114 */,
				320155BB292273F100DF4FA5 /* MemberProject20221114Tests */,
				320155C5292273F100DF4FA5 /* MemberProject20221114UITests */,
				320155A8292273E600DF4FA5 /* Products */,
			);
			sourceTree = "<group>";
		};
		320155A8292273E600DF4FA5 /* Products */ = {
			isa = PBXGroup;
			children = (
				320155A7292273E600DF4FA5 /* MemberProject20221114.app */,
				320155B8292273F100DF4FA5 /* MemberProject20221114Tests.xctest */,
				320155C2292273F100DF4FA5 /* MemberProject20221114UITests.xctest */,
			);
			name = Products;
			sourceTree = "<group>";
		};
		320155A9292273E600DF4FA5 /* MemberProject20221114 */ = {
			isa = PBXGroup;
			children = (
				320155AA292273E600DF4FA5 /* MemberProject20221114App.swift */,
				320155AC292273E700DF4FA5 /* ContentView.swift */,
				320155AE292273F000DF4FA5 /* Assets.xcassets */,
				320155B0292273F000DF4FA5 /* MemberProject20221114.entitlements */,
				320155B1292273F000DF4FA5 /* Preview Content */,
			);
			path = MemberProject20221114;
			sourceTree = "<group>";
		};
		320155B1292273F000DF4FA5 /* Preview Content */ = {
			isa = PBXGroup;
			children = (
				320155B2292273F000DF4FA5 /* Preview Assets.xcassets */,
			);
			path = "Preview Content";
			sourceTree = "<group>";
		};
		320155BB292273F100DF4FA5 /* MemberProject20221114Tests */ = {
			isa = PBXGroup;
			children = (
				320155BC292273F100DF4FA5 /* MemberProject20221114Tests.swift */,
			);
			path = MemberProject20221114Tests;
			sourceTree = "<group>";
		};
		320155C5292273F100DF4FA5 /* MemberProject20221114UITests */ = {
			isa = PBXGroup;
			children = (
				320155C6292273F100DF4FA5 /* MemberProject20221114UITests.swift */,
				320155C8292273F100DF4FA5 /* MemberProject20221114UITestsLaunchTests.swift */,
			);
			path = MemberProject20221114UITests;
			sourceTree = "<group>";
		};
/* End PBXGroup section */

/* Begin PBXNativeTarget section */
		320155A6292273E600DF4FA5 /* MemberProject20221114 */ = {
			isa = PBXNativeTarget;
			buildConfigurationList = 320155CC292273F100DF4FA5 /* Build configuration list for PBXNativeTarget "MemberProject20221114" */;
			buildPhases = (
				320155A3292273E600DF4FA5 /* Sources */,
				320155A4292273E600DF4FA5 /* Frameworks */,
				320155A5292273E600DF4FA5 /* Resources */,
			);
			buildRules = (
			);
			dependencies = (
			);
			name = MemberProject20221114;
			productName = MemberProject20221114;
			productReference = 320155A7292273E600DF4FA5 /* MemberProject20221114.app */;
			productType = "com.apple.product-type.application";
		};
		320155B7292273F100DF4FA5 /* MemberProject20221114Tests */ = {
			isa = PBXNativeTarget;
			buildConfigurationList = 320155CF292273F100DF4FA5 /* Build configuration list for PBXNativeTarget "MemberProject20221114Tests" */;
			buildPhases = (
				320155B4292273F100DF4FA5 /* Sources */,
				320155B5292273F100DF4FA5 /* Frameworks */,
				320155B6292273F100DF4FA5 /* Resources */,
			);
			buildRules = (
			);
			dependencies = (
				320155BA292273F100DF4FA5 /* PBXTargetDependency */,
			);
			name = MemberProject20221114Tests;
			productName = MemberProject20221114Tests;
			productReference = 320155B8292273F100DF4FA5 /* MemberProject20221114Tests.xctest */;
			productType = "com.apple.product-type.bundle.unit-test";
		};
		320155C1292273F100DF4FA5 /* MemberProject20221114UITests */ = {
			isa = PBXNativeTarget;
			buildConfigurationList = 320155D2292273F100DF4FA5 /* Build configuration list for PBXNativeTarget "MemberProject20221114UITests" */;
			buildPhases = (
				320155BE292273F100DF4FA5 /* Sources */,
				320155BF292273F100DF4FA5 /* Frameworks */,
				320155C0292273F100DF4FA5 /* Resources */,
			);
			buildRules = (
			);
			dependencies = (
				320155C4292273F100DF4FA5 /* PBXTargetDependency */,
			);
			name = MemberProject20221114UITests;
			productName = MemberProject20221114UITests;
			productReference = 320155C2292273F100DF4FA5 /* MemberProject20221114UITests.xctest */;
			productType = "com.apple.product-type.bundle.ui-testing";
		};
/* End PBXNativeTarget section */

/* Begin PBXProject section */
		3201559F292273E600DF4FA5 /* Project object */ = {
			isa = PBXProject;
			attributes = {
				BuildIndependentTargetsInParallel = 1;
				LastSwiftUpdateCheck = 1410;
				LastUpgradeCheck = 1410;
				TargetAttributes = {
					320155A6292273E600DF4FA5 = {
						CreatedOnToolsVersion = 14.1;
					};
					320155B7292273F100DF4FA5 = {
						CreatedOnToolsVersion = 14.1;
						TestTargetID = 320155A6292273E600DF4FA5;
					};
					320155C1292273F100DF4FA5 = {
						CreatedOnToolsVersion = 14.1;
						TestTargetID = 320155A6292273E600DF4FA5;
					};
				};
			};
			buildConfigurationList = 320155A2292273E600DF4FA5 /* Build configuration list for PBXProject "MemberProject20221114" */;
			compatibilityVersion = "Xcode 14.0";
			developmentRegion = en;
			hasScannedForEncodings = 0;
			knownRegions = (
				en,
				Base,
			);
			mainGroup = 3201559E292273E600DF4FA5;
			productRefGroup = 320155A8292273E600DF4FA5 /* Products */;
			projectDirPath = "";
			projectRoot = "";
			targets = (
				320155A6292273E600DF4FA5 /* MemberProject20221114 */,
				320155B7292273F100DF4FA5 /* MemberProject20221114Tests */,
				320155C1292273F100DF4FA5 /* MemberProject20221114UITests */,
			);
		};
/* End PBXProject section */

/* Begin PBXResourcesBuildPhase section */
		320155A5292273E600DF4FA5 /* Resources */ = {
			isa = PBXResourcesBuildPhase;
			buildActionMask = 2147483647;
			files = (
				320155B3292273F000DF4FA5 /* Preview Assets.xcassets in Resources */,
				320155AF292273F000DF4FA5 /* Assets.xcassets in Resources */,
			);
			runOnlyForDeploymentPostprocessing = 0;
		};
		320155B6292273F100DF4FA5 /* Resources */ = {
			isa = PBXResourcesBuildPhase;
			buildActionMask = 2147483647;
			files = (
			);
			runOnlyForDeploymentPostprocessing = 0;
		};
		320155C0292273F100DF4FA5 /* Resources */ = {
			isa = PBXResourcesBuildPhase;
			buildActionMask = 2147483647;
			files = (
			);
			runOnlyForDeploymentPostprocessing = 0;
		};
/* End PBXResourcesBuildPhase section */

/* Begin PBXSourcesBuildPhase section */
		320155A3292273E600DF4FA5 /* Sources */ = {
			isa = PBXSourcesBuildPhase;
			buildActionMask = 2147483647;
			files = (
				320155AD292273E700DF4FA5 /* ContentView.swift in Sources */,
				320155AB292273E600DF4FA5 /* MemberProject20221114App.swift in Sources */,
			);
			runOnlyForDeploymentPostprocessing = 0;
		};
		320155B4292273F100DF4FA5 /* Sources */ = {
			isa = PBXSourcesBuildPhase;
			buildActionMask = 2147483647;
			files = (
				320155BD292273F100DF4FA5 /* MemberProject20221114Tests.swift in Sources */,
			);
			runOnlyForDeploymentPostprocessing = 0;
		};
		320155BE292273F100DF4FA5 /* Sources */ = {
			isa = PBXSourcesBuildPhase;
			buildActionMask = 2147483647;
			files = (
				320155C7292273F100DF4FA5 /* MemberProject20221114UITests.swift in Sources */,
				320155C9292273F100DF4FA5 /* MemberProject20221114UITestsLaunchTests.swift in Sources */,
			);
			runOnlyForDeploymentPostprocessing = 0;
		};
/* End PBXSourcesBuildPhase section */

/* Begin PBXTargetDependency section */
		320155BA292273F100DF4FA5 /* PBXTargetDependency */ = {
			isa = PBXTargetDependency;
			target = 320155A6292273E600DF4FA5 /* MemberProject20221114 */;
			targetProxy = 320155B9292273F100DF4FA5 /* PBXContainerItemProxy */;
		};
		320155C4292273F100DF4FA5 /* PBXTargetDependency */ = {
			isa = PBXTargetDependency;
			target = 320155A6292273E600DF4FA5 /* MemberProject20221114 */;
			targetProxy = 320155C3292273F100DF4FA5 /* PBXContainerItemProxy */;
		};
/* End PBXTargetDependency section */

/* Begin XCBuildConfiguration section */
		320155CA292273F100DF4FA5 /* Debug */ = {
			isa = XCBuildConfiguration;
			buildSettings = {
				ALWAYS_SEARCH_USER_PATHS = NO;
				CLANG_ANALYZER_NONNULL = YES;
				CLANG_ANALYZER_NUMBER_OBJECT_CONVERSION = YES_AGGRESSIVE;
				CLANG_CXX_LANGUAGE_STANDARD = "gnu++20";
				CLANG_ENABLE_MODULES = YES;
				CLANG_ENABLE_OBJC_ARC = YES;
				CLANG_ENABLE_OBJC_WEAK = YES;
				CLANG_WARN_BLOCK_CAPTURE_AUTORELEASING = YES;
				CLANG_WARN_BOOL_CONVERSION = YES;
				CLANG_WARN_COMMA = YES;
				CLANG_WARN_CONSTANT_CONVERSION = YES;
				CLANG_WARN_DEPRECATED_OBJC_IMPLEMENTATIONS = YES;
				CLANG_WARN_DIRECT_OBJC_ISA_USAGE = YES_ERROR;
				CLANG_WARN_DOCUMENTATION_COMMENTS = YES;
				CLANG_WARN_EMPTY_BODY = YES;
				CLANG_WARN_ENUM_CONVERSION = YES;
				CLANG_WARN_INFINITE_RECURSION = YES;
				CLANG_WARN_INT_CONVERSION = YES;
				CLANG_WARN_NON_LITERAL_NULL_CONVERSION = YES;
				CLANG_WARN_OBJC_IMPLICIT_RETAIN_SELF = YES;
				CLANG_WARN_OBJC_LITERAL_CONVERSION = YES;
				CLANG_WARN_OBJC_ROOT_CLASS = YES_ERROR;
				CLANG_WARN_QUOTED_INCLUDE_IN_FRAMEWORK_HEADER = YES;
				CLANG_WARN_RANGE_LOOP_ANALYSIS = YES;
				CLANG_WARN_STRICT_PROTOTYPES = YES;
				CLANG_WARN_SUSPICIOUS_MOVE = YES;
				CLANG_WARN_UNGUARDED_AVAILABILITY = YES_AGGRESSIVE;
				CLANG_WARN_UNREACHABLE_CODE = YES;
				CLANG_WARN__DUPLICATE_METHOD_MATCH = YES;
				COPY_PHASE_STRIP = NO;
				DEBUG_INFORMATION_FORMAT = dwarf;
				ENABLE_STRICT_OBJC_MSGSEND = YES;
				ENABLE_TESTABILITY = YES;
				GCC_C_LANGUAGE_STANDARD = gnu11;
				GCC_DYNAMIC_NO_PIC = NO;
				GCC_NO_COMMON_BLOCKS = YES;
				GCC_OPTIMIZATION_LEVEL = 0;
				GCC_PREPROCESSOR_DEFINITIONS = (
					"DEBUG=1",
					"$(inherited)",
				);
				GCC_WARN_64_TO_32_BIT_CONVERSION = YES;
				GCC_WARN_ABOUT_RETURN_TYPE = YES_ERROR;
				GCC_WARN_UNDECLARED_SELECTOR = YES;
				GCC_WARN_UNINITIALIZED_AUTOS = YES_AGGRESSIVE;
				GCC_WARN_UNUSED_FUNCTION = YES;
				GCC_WARN_UNUSED_VARIABLE = YES;
				MTL_ENABLE_DEBUG_INFO = INCLUDE_SOURCE;
				MTL_FAST_MATH = YES;
				ONLY_ACTIVE_ARCH = YES;
				SWIFT_ACTIVE_COMPILATION_CONDITIONS = DEBUG;
				SWIFT_OPTIMIZATION_LEVEL = "-Onone";
			};
			name = Debug;
		};
		320155CB292273F100DF4FA5 /* Release */ = {
			isa = XCBuildConfiguration;
			buildSettings = {
				ALWAYS_SEARCH_USER_PATHS = NO;
				CLANG_ANALYZER_NONNULL = YES;
				CLANG_ANALYZER_NUMBER_OBJECT_CONVERSION = YES_AGGRESSIVE;
				CLANG_CXX_LANGUAGE_STANDARD = "gnu++20";
				CLANG_ENABLE_MODULES = YES;
				CLANG_ENABLE_OBJC_ARC = YES;
				CLANG_ENABLE_OBJC_WEAK = YES;
				CLANG_WARN_BLOCK_CAPTURE_AUTORELEASING = YES;
				CLANG_WARN_BOOL_CONVERSION = YES;
				CLANG_WARN_COMMA = YES;
				CLANG_WARN_CONSTANT_CONVERSION = YES;
				CLANG_WARN_DEPRECATED_OBJC_IMPLEMENTATIONS = YES;
				CLANG_WARN_DIRECT_OBJC_ISA_USAGE = YES_ERROR;
				CLANG_WARN_DOCUMENTATION_COMMENTS = YES;
				CLANG_WARN_EMPTY_BODY = YES;
				CLANG_WARN_ENUM_CONVERSION = YES;
				CLANG_WARN_INFINITE_RECURSION = YES;
				CLANG_WARN_INT_CONVERSION = YES;
				CLANG_WARN_NON_LITERAL_NULL_CONVERSION = YES;
				CLANG_WARN_OBJC_IMPLICIT_RETAIN_SELF = YES;
				CLANG_WARN_OBJC_LITERAL_CONVERSION = YES;
				CLANG_WARN_OBJC_ROOT_CLASS = YES_ERROR;
				CLANG_WARN_QUOTED_INCLUDE_IN_FRAMEWORK_HEADER = YES;
				CLANG_WARN_RANGE_LOOP_ANALYSIS = YES;
				CLANG_WARN_STRICT_PROTOTYPES = YES;
				CLANG_WARN_SUSPICIOUS_MOVE = YES;
				CLANG_WARN_UNGUARDED_AVAILABILITY = YES_AGGRESSIVE;
				CLANG_WARN_UNREACHABLE_CODE = YES;
				CLANG_WARN__DUPLICATE_METHOD_MATCH = YES;
				COPY_PHASE_STRIP = NO;
				DEBUG_INFORMATION_FORMAT = "dwarf-with-dsym";
				ENABLE_NS_ASSERTIONS = NO;
				ENABLE_STRICT_OBJC_MSGSEND = YES;
				GCC_C_LANGUAGE_STANDARD = gnu11;
				GCC_NO_COMMON_BLOCKS = YES;
				GCC_WARN_64_TO_32_BIT_CONVERSION = YES;
				GCC_WARN_ABOUT_RETURN_TYPE = YES_ERROR;
				GCC_WARN_UNDECLARED_SELECTOR = YES;
				GCC_WARN_UNINITIALIZED_AUTOS = YES_AGGRESSIVE;
				GCC_WARN_UNUSED_FUNCTION = YES;
				GCC_WARN_UNUSED_VARIABLE = YES;
				MTL_ENABLE_DEBUG_INFO = NO;
				MTL_FAST_MATH = YES;
				SWIFT_COMPILATION_MODE = wholemodule;
				SWIFT_OPTIMIZATION_LEVEL = "-O";
			};
			name = Release;
		};
		320155CD292273F100DF4FA5 /* Debug */ = {
			isa = XCBuildConfiguration;
			buildSettings = {
				ASSETCATALOG_COMPILER_APPICON_NAME = AppIcon;
				ASSETCATALOG_COMPILER_GLOBAL_ACCENT_COLOR_NAME = AccentColor;
				CODE_SIGN_ENTITLEMENTS = MemberProject20221114/MemberProject20221114.entitlements;
				CODE_SIGN_STYLE = Automatic;
				CURRENT_PROJECT_VERSION = 1;
				DEVELOPMENT_ASSET_PATHS = "\"MemberProject20221114/Preview Content\"";
				ENABLE_PREVIEWS = YES;
				GENERATE_INFOPLIST_FILE = YES;
				"INFOPLIST_KEY_UIApplicationSceneManifest_Generation[sdk=iphoneos*]" = YES;
				"INFOPLIST_KEY_UIApplicationSceneManifest_Generation[sdk=iphonesimulator*]" = YES;
				"INFOPLIST_KEY_UIApplicationSupportsIndirectInputEvents[sdk=iphoneos*]" = YES;
				"INFOPLIST_KEY_UIApplicationSupportsIndirectInputEvents[sdk=iphonesimulator*]" = YES;
				"INFOPLIST_KEY_UILaunchScreen_Generation[sdk=iphoneos*]" = YES;
				"INFOPLIST_KEY_UILaunchScreen_Generation[sdk=iphonesimulator*]" = YES;
				"INFOPLIST_KEY_UIStatusBarStyle[sdk=iphoneos*]" = UIStatusBarStyleDefault;
				"INFOPLIST_KEY_UIStatusBarStyle[sdk=iphonesimulator*]" = UIStatusBarStyleDefault;
				INFOPLIST_KEY_UISupportedInterfaceOrientations_iPad = "UIInterfaceOrientationPortrait UIInterfaceOrientationPortraitUpsideDown UIInterfaceOrientationLandscapeLeft UIInterfaceOrientationLandscapeRight";
				INFOPLIST_KEY_UISupportedInterfaceOrientations_iPhone = "UIInterfaceOrientationPortrait UIInterfaceOrientationLandscapeLeft UIInterfaceOrientationLandscapeRight";
				IPHONEOS_DEPLOYMENT_TARGET = 16.1;
				LD_RUNPATH_SEARCH_PATHS = "@executable_path/Frameworks";
				"LD_RUNPATH_SEARCH_PATHS[sdk=macosx*]" = "@executable_path/../Frameworks";
				MACOSX_DEPLOYMENT_TARGET = 12.5;
				MARKETING_VERSION = 1.0;
				PRODUCT_BUNDLE_IDENTIFIER = athenaeum.MemberProject20221114;
				PRODUCT_NAME = "$(TARGET_NAME)";
				SDKROOT = auto;
				SUPPORTED_PLATFORMS = "iphoneos iphonesimulator macosx";
				SWIFT_EMIT_LOC_STRINGS = YES;
				SWIFT_VERSION = 5.0;
				TARGETED_DEVICE_FAMILY = "1,2";
			};
			name = Debug;
		};
		320155CE292273F100DF4FA5 /* Release */ = {
			isa = XCBuildConfiguration;
			buildSettings = {
				ASSETCATALOG_COMPILER_APPICON_NAME = AppIcon;
				ASSETCATALOG_COMPILER_GLOBAL_ACCENT_COLOR_NAME = AccentColor;
				CODE_SIGN_ENTITLEMENTS = MemberProject20221114/MemberProject20221114.entitlements;
				CODE_SIGN_STYLE = Automatic;
				CURRENT_PROJECT_VERSION = 1;
				DEVELOPMENT_ASSET_PATHS = "\"MemberProject20221114/Preview Content\"";
				ENABLE_PREVIEWS = YES;
				GENERATE_INFOPLIST_FILE = YES;
				"INFOPLIST_KEY_UIApplicationSceneManifest_Generation[sdk=iphoneos*]" = YES;
				"INFOPLIST_KEY_UIApplicationSceneManifest_Generation[sdk=iphonesimulator*]" = YES;
				"INFOPLIST_KEY_UIApplicationSupportsIndirectInputEvents[sdk=iphoneos*]" = YES;
				"INFOPLIST_KEY_UIApplicationSupportsIndirectInputEvents[sdk=iphonesimulator*]" = YES;
				"INFOPLIST_KEY_UILaunchScreen_Generation[sdk=iphoneos*]" = YES;
				"INFOPLIST_KEY_UILaunchScreen_Generation[sdk=iphonesimulator*]" = YES;
				"INFOPLIST_KEY_UIStatusBarStyle[sdk=iphoneos*]" = UIStatusBarStyleDefault;
				"INFOPLIST_KEY_UIStatusBarStyle[sdk=iphonesimulator*]" = UIStatusBarStyleDefault;
				INFOPLIST_KEY_UISupportedInterfaceOrientations_iPad = "UIInterfaceOrientationPortrait UIInterfaceOrientationPortraitUpsideDown UIInterfaceOrientationLandscapeLeft UIInterfaceOrientationLandscapeRight";
				INFOPLIST_KEY_UISupportedInterfaceOrientations_iPhone = "UIInterfaceOrientationPortrait UIInterfaceOrientationLandscapeLeft UIInterfaceOrientationLandscapeRight";
				IPHONEOS_DEPLOYMENT_TARGET = 16.1;
				LD_RUNPATH_SEARCH_PATHS = "@executable_path/Frameworks";
				"LD_RUNPATH_SEARCH_PATHS[sdk=macosx*]" = "@executable_path/../Frameworks";
				MACOSX_DEPLOYMENT_TARGET = 12.5;
				MARKETING_VERSION = 1.0;
				PRODUCT_BUNDLE_IDENTIFIER = athenaeum.MemberProject20221114;
				PRODUCT_NAME = "$(TARGET_NAME)";
				SDKROOT = auto;
				SUPPORTED_PLATFORMS = "iphoneos iphonesimulator macosx";
				SWIFT_EMIT_LOC_STRINGS = YES;
				SWIFT_VERSION = 5.0;
				TARGETED_DEVICE_FAMILY = "1,2";
			};
			name = Release;
		};
		320155D0292273F100DF4FA5 /* Debug */ = {
			isa = XCBuildConfiguration;
			buildSettings = {
				ALWAYS_EMBED_SWIFT_STANDARD_LIBRARIES = YES;
				BUNDLE_LOADER = "$(TEST_HOST)";
				CODE_SIGN_STYLE = Automatic;
				CURRENT_PROJECT_VERSION = 1;
				GENERATE_INFOPLIST_FILE = YES;
				IPHONEOS_DEPLOYMENT_TARGET = 16.1;
				MACOSX_DEPLOYMENT_TARGET = 12.5;
				MARKETING_VERSION = 1.0;
				PRODUCT_BUNDLE_IDENTIFIER = athenaeum.MemberProject20221114Tests;
				PRODUCT_NAME = "$(TARGET_NAME)";
				SDKROOT = auto;
				SUPPORTED_PLATFORMS = "iphoneos iphonesimulator macosx";
				SWIFT_EMIT_LOC_STRINGS = NO;
				SWIFT_VERSION = 5.0;
				TARGETED_DEVICE_FAMILY = "1,2";
				TEST_HOST = "$(BUILT_PRODUCTS_DIR)/MemberProject20221114.app/$(BUNDLE_EXECUTABLE_FOLDER_PATH)/MemberProject20221114";
			};
			name = Debug;
		};
		320155D1292273F100DF4FA5 /* Release */ = {
			isa = XCBuildConfiguration;
			buildSettings = {
				ALWAYS_EMBED_SWIFT_STANDARD_LIBRARIES = YES;
				BUNDLE_LOADER = "$(TEST_HOST)";
				CODE_SIGN_STYLE = Automatic;
				CURRENT_PROJECT_VERSION = 1;
				GENERATE_INFOPLIST_FILE = YES;
				IPHONEOS_DEPLOYMENT_TARGET = 16.1;
				MACOSX_DEPLOYMENT_TARGET = 12.5;
				MARKETING_VERSION = 1.0;
				PRODUCT_BUNDLE_IDENTIFIER = athenaeum.MemberProject20221114Tests;
				PRODUCT_NAME = "$(TARGET_NAME)";
				SDKROOT = auto;
				SUPPORTED_PLATFORMS = "iphoneos iphonesimulator macosx";
				SWIFT_EMIT_LOC_STRINGS = NO;
				SWIFT_VERSION = 5.0;
				TARGETED_DEVICE_FAMILY = "1,2";
				TEST_HOST = "$(BUILT_PRODUCTS_DIR)/MemberProject20221114.app/$(BUNDLE_EXECUTABLE_FOLDER_PATH)/MemberProject20221114";
			};
			name = Release;
		};
		320155D3292273F100DF4FA5 /* Debug */ = {
			isa = XCBuildConfiguration;
			buildSettings = {
				ALWAYS_EMBED_SWIFT_STANDARD_LIBRARIES = YES;
				CODE_SIGN_STYLE = Automatic;
				CURRENT_PROJECT_VERSION = 1;
				GENERATE_INFOPLIST_FILE = YES;
				IPHONEOS_DEPLOYMENT_TARGET = 16.1;
				MACOSX_DEPLOYMENT_TARGET = 12.5;
				MARKETING_VERSION = 1.0;
				PRODUCT_BUNDLE_IDENTIFIER = athenaeum.MemberProject20221114UITests;
				PRODUCT_NAME = "$(TARGET_NAME)";
				SDKROOT = auto;
				SUPPORTED_PLATFORMS = "iphoneos iphonesimulator macosx";
				SWIFT_EMIT_LOC_STRINGS = NO;
				SWIFT_VERSION = 5.0;
				TARGETED_DEVICE_FAMILY = "1,2";
				TEST_TARGET_NAME = MemberProject20221114;
			};
			name = Debug;
		};
		320155D4292273F100DF4FA5 /* Release */ = {
			isa = XCBuildConfiguration;
			buildSettings = {
				ALWAYS_EMBED_SWIFT_STANDARD_LIBRARIES = YES;
				CODE_SIGN_STYLE = Automatic;
				CURRENT_PROJECT_VERSION = 1;
				GENERATE_INFOPLIST_FILE = YES;
				IPHONEOS_DEPLOYMENT_TARGET = 16.1;
				MACOSX_DEPLOYMENT_TARGET = 12.5;
				MARKETING_VERSION = 1.0;
				PRODUCT_BUNDLE_IDENTIFIER = athenaeum.MemberProject20221114UITests;
				PRODUCT_NAME = "$(TARGET_NAME)";
				SDKROOT = auto;
				SUPPORTED_PLATFORMS = "iphoneos iphonesimulator macosx";
				SWIFT_EMIT_LOC_STRINGS = NO;
				SWIFT_VERSION = 5.0;
				TARGETED_DEVICE_FAMILY = "1,2";
				TEST_TARGET_NAME = MemberProject20221114;
			};
			name = Release;
		};
/* End XCBuildConfiguration section */

/* Begin XCConfigurationList section */
		320155A2292273E600DF4FA5 /* Build configuration list for PBXProject "MemberProject20221114" */ = {
			isa = XCConfigurationList;
			buildConfigurations = (
				320155CA292273F100DF4FA5 /* Debug */,
				320155CB292273F100DF4FA5 /* Release */,
			);
			defaultConfigurationIsVisible = 0;
			defaultConfigurationName = Release;
		};
		320155CC292273F100DF4FA5 /* Build configuration list for PBXNativeTarget "MemberProject20221114" */ = {
			isa = XCConfigurationList;
			buildConfigurations = (
				320155CD292273F100DF4FA5 /* Debug */,
				320155CE292273F100DF4FA5 /* Release */,
			);
			defaultConfigurationIsVisible = 0;
			defaultConfigurationName = Release;
		};
		320155CF292273F100DF4FA5 /* Build configuration list for PBXNativeTarget "MemberProject20221114Tests" */ = {
			isa = XCConfigurationList;
			buildConfigurations = (
				320155D0292273F100DF4FA5 /* Debug */,
				320155D1292273F100DF4FA5 /* Release */,
			);
			defaultConfigurationIsVisible = 0;
			defaultConfigurationName = Release;
		};
		320155D2292273F100DF4FA5 /* Build configuration list for PBXNativeTarget "MemberProject20221114UITests" */ = {
			isa = XCConfigurationList;
			buildConfigurations = (
				320155D3292273F100DF4FA5 /* Debug */,
				320155D4292273F100DF4FA5 /* Release */,
			);
			defaultConfigurationIsVisible = 0;
			defaultConfigurationName = Release;
		};
/* End XCConfigurationList section */
	};
	rootObject = 3201559F292273E600DF4FA5 /* Project object */;
}
